
Microsoft Visual Studio Solution File, Format Version 12.00
# Visual Studio 2015
Project("{FAE04EC0-301F-11D3-BF4B-00C04F79EFBC}") = "test_816AR", "test_816AR.csproj", "{B3BE4807-6E5D-C32A-4BFD-C2D7660D1675}"
EndProject
Project("{FAE04EC0-301F-11D3-BF4B-00C04F79EFBC}") = "test_816AR.Editor", "test_816AR.Editor.csproj", "{9212AE42-8F85-B24C-9D00-BB09610C98BA}"
EndProject
Global
	GlobalSection(SolutionConfigurationPlatforms) = preSolution
		Debug|Any CPU = Debug|Any CPU
		Release|Any CPU = Release|Any CPU
	EndGlobalSection
	GlobalSection(ProjectConfigurationPlatforms) = postSolution
		{B3BE4807-6E5D-C32A-4BFD-C2D7660D1675}.Debug|Any CPU.ActiveCfg = Debug|Any CPU
		{B3BE4807-6E5D-C32A-4BFD-C2D7660D1675}.Debug|Any CPU.Build.0 = Debug|Any CPU
		{B3BE4807-6E5D-C32A-4BFD-C2D7660D1675}.Release|Any CPU.ActiveCfg = Release|Any CPU
		{B3BE4807-6E5D-C32A-4BFD-C2D7660D1675}.Release|Any CPU.Build.0 = Release|Any CPU
		{9212AE42-8F85-B24C-9D00-BB09610C98BA}.Debug|Any CPU.ActiveCfg = Debug|Any CPU
		{9212AE42-8F85-B24C-9D00-BB09610C98BA}.Debug|Any CPU.Build.0 = Debug|Any CPU
		{9212AE42-8F85-B24C-9D00-BB09610C98BA}.Release|Any CPU.ActiveCfg = Release|Any CPU
		{9212AE42-8F85-B24C-9D00-BB09610C98BA}.Release|Any CPU.Build.0 = Release|Any CPU
	EndGlobalSection
	GlobalSection(SolutionProperties) = preSolution
		HideSolutionNode = FALSE
	EndGlobalSection
EndGlobal
