
Microsoft Visual Studio Solution File, Format Version 12.00
# Visual Studio 2015
Project("{FAE04EC0-301F-11D3-BF4B-00C04F79EFBC}") = "CapstoneAR532", "CapstoneAR532.csproj", "{372F4521-72CB-BA0B-319D-72155B0A21A0}"
EndProject
Project("{FAE04EC0-301F-11D3-BF4B-00C04F79EFBC}") = "CapstoneAR532.Editor", "CapstoneAR532.Editor.csproj", "{31BFC913-3E05-C2BC-CADE-20E26B6ACC8D}"
EndProject
Global
	GlobalSection(SolutionConfigurationPlatforms) = preSolution
		Debug|Any CPU = Debug|Any CPU
		Release|Any CPU = Release|Any CPU
	EndGlobalSection
	GlobalSection(ProjectConfigurationPlatforms) = postSolution
		{372F4521-72CB-BA0B-319D-72155B0A21A0}.Debug|Any CPU.ActiveCfg = Debug|Any CPU
		{372F4521-72CB-BA0B-319D-72155B0A21A0}.Debug|Any CPU.Build.0 = Debug|Any CPU
		{372F4521-72CB-BA0B-319D-72155B0A21A0}.Release|Any CPU.ActiveCfg = Release|Any CPU
		{372F4521-72CB-BA0B-319D-72155B0A21A0}.Release|Any CPU.Build.0 = Release|Any CPU
		{31BFC913-3E05-C2BC-CADE-20E26B6ACC8D}.Debug|Any CPU.ActiveCfg = Debug|Any CPU
		{31BFC913-3E05-C2BC-CADE-20E26B6ACC8D}.Debug|Any CPU.Build.0 = Debug|Any CPU
		{31BFC913-3E05-C2BC-CADE-20E26B6ACC8D}.Release|Any CPU.ActiveCfg = Release|Any CPU
		{31BFC913-3E05-C2BC-CADE-20E26B6ACC8D}.Release|Any CPU.Build.0 = Release|Any CPU
	EndGlobalSection
	GlobalSection(SolutionProperties) = preSolution
		HideSolutionNode = FALSE
	EndGlobalSection
EndGlobal
